
Microsoft Visual Studio Solution File, Format Version 12.00
# Visual Studio Version 17
VisualStudioVersion = 17.1.32319.34
MinimumVisualStudioVersion = 10.0.40219.1
Project("{FAE04EC0-301F-11D3-BF4B-00C04F79EFBC}") = "StartC", "StartC\StartC.csproj", "{5CC321A4-4FFC-4D70-ACA7-39FB1DA4A6AE}"
EndProject
Global
	GlobalSection(SolutionConfigurationPlatforms) = preSolution
		Debug|Any CPU = Debug|Any CPU
		Release|Any CPU = Release|Any CPU
	EndGlobalSection
	GlobalSection(ProjectConfigurationPlatforms) = postSolution
		{5CC321A4-4FFC-4D70-ACA7-39FB1DA4A6AE}.Debug|Any CPU.ActiveCfg = Debug|Any CPU
		{5CC321A4-4FFC-4D70-ACA7-39FB1DA4A6AE}.Debug|Any CPU.Build.0 = Debug|Any CPU
		{5CC321A4-4FFC-4D70-ACA7-39FB1DA4A6AE}.Release|Any CPU.ActiveCfg = Release|Any CPU
		{5CC321A4-4FFC-4D70-ACA7-39FB1DA4A6AE}.Release|Any CPU.Build.0 = Release|Any CPU
	EndGlobalSection
	GlobalSection(SolutionProperties) = preSolution
		HideSolutionNode = FALSE
	EndGlobalSection
	GlobalSection(ExtensibilityGlobals) = postSolution
		SolutionGuid = {16E480E7-457D-4ACA-8F3C-BBD8ADF3E1D0}
	EndGlobalSection
EndGlobal
